lockfileVersion: '9.0'

settings:
  autoInstallPeers: true
  excludeLinksFromLockfile: false

importers:

  .:
    devDependencies:
      '@figma/plugin-typings':
        specifier: ^1.100.0
        version: 1.133.0
      typescript:
        specifier: ^5.6.0
        version: 5.9.3

packages:

  '@figma/plugin-typings@1.133.0':
    resolution: {integrity: sha512-MAM1zACY7JB18gO6B0ZaMquCk/xPhbk4Dkug3KGTN7H/M3fO2tZ0h/05b1umDiKA/P1ZEXbLraNyffaVFkFpXw==}

  typescript@5.9.3:
    resolution: {integrity: sha512-jl1vZzPDinLr9eUt3J/t7V6FgNEw9QjvBPdysz9KfQDD41fQrC2Y4vKQdiaUpFT4bXlb1RHhLpp8wtm6M5TgSw==}
    engines: {node: '>=14.17'}
    hasBin: true

snapshots:

  '@figma/plugin-typings@1.133.0': {}

  typescript@5.9.3: {}
